
Microsoft Visual Studio Solution File, Format Version 12.00
# Visual Studio Version 17
VisualStudioVersion = 17.0.31903.59
MinimumVisualStudioVersion = 10.0.40219.1
Project("{2150E333-8FDC-42A3-9474-1A3956D46DE8}") = "src", "src", "{60DD4529-1440-4E2E-A11A-2283FE1DCFEA}"
EndProject
Project("{2150E333-8FDC-42A3-9474-1A3956D46DE8}") = "Bootstrapper", "Bootstrapper", "{2E6C27BF-2549-4578-9820-72C57ED86984}"
EndProject
Project("{FAE04EC0-301F-11D3-BF4B-00C04F79EFBC}") = "MonolithFormulaOne.Bootstrapper", "src\Bootstrapper\MonolithFormulaOne.Bootstrapper\MonolithFormulaOne.Bootstrapper.csproj", "{24AFA25B-02C9-4161-A5D4-717836C3707D}"
EndProject
Project("{2150E333-8FDC-42A3-9474-1A3956D46DE8}") = "Modules", "Modules", "{4F9C37B1-FA29-4571-8F31-5F91586CB978}"
EndProject
Project("{2150E333-8FDC-42A3-9474-1A3956D46DE8}") = "Driver", "Driver", "{D5CC26D6-35BE-455C-9BF2-B47CD1A00457}"
EndProject
Project("{FAE04EC0-301F-11D3-BF4B-00C04F79EFBC}") = "MonolithFormulaOne.Modules.Driver.Api", "src\Modules\Driver\MonolithFormulaOne.Modules.Driver.Api\MonolithFormulaOne.Modules.Driver.Api.csproj", "{453F5814-C737-4804-A0C6-C6C0E7C74B52}"
EndProject
Project("{FAE04EC0-301F-11D3-BF4B-00C04F79EFBC}") = "MonolithFormulaOne.Moludes.Driver.Domain", "src\Modules\Driver\MonolithFormulaOne.Moludes.Driver.Domain\MonolithFormulaOne.Moludes.Driver.Domain.csproj", "{B47F919B-17FC-4B56-B032-51DAC2A9096B}"
EndProject
Project("{2150E333-8FDC-42A3-9474-1A3956D46DE8}") = "Shared", "Shared", "{20E5B95D-A039-499B-8F74-8EE565E8F787}"
EndProject
Project("{FAE04EC0-301F-11D3-BF4B-00C04F79EFBC}") = "MonolithFormulaOne.Shared.Abstractions", "src\Shared\MonolithFormulaOne.Shared.Abstractions\MonolithFormulaOne.Shared.Abstractions.csproj", "{2B5B0E02-9957-4274-A0AC-18226FF79175}"
EndProject
Project("{FAE04EC0-301F-11D3-BF4B-00C04F79EFBC}") = "MonolithFormulaOne.Shared.Infrastracture", "src\Shared\MonolithFormulaOne.Shared.Infrastracture\MonolithFormulaOne.Shared.Infrastracture.csproj", "{476E8CE0-01B1-4922-BB6F-2EE1C5DA842E}"
EndProject
Project("{FAE04EC0-301F-11D3-BF4B-00C04F79EFBC}") = "MonolithFormulaOne.Modules.Driver.Persistence", "src\Modules\Driver\MonolithFormulaOne.Modules.Driver.Persistence\MonolithFormulaOne.Modules.Driver.Persistence.csproj", "{760167CC-E505-43E1-9B98-4420A1AB00BD}"
EndProject
Global
	GlobalSection(SolutionConfigurationPlatforms) = preSolution
		Debug|Any CPU = Debug|Any CPU
		Release|Any CPU = Release|Any CPU
	EndGlobalSection
	GlobalSection(SolutionProperties) = preSolution
		HideSolutionNode = FALSE
	EndGlobalSection
	GlobalSection(ProjectConfigurationPlatforms) = postSolution
		{24AFA25B-02C9-4161-A5D4-717836C3707D}.Debug|Any CPU.ActiveCfg = Debug|Any CPU
		{24AFA25B-02C9-4161-A5D4-717836C3707D}.Debug|Any CPU.Build.0 = Debug|Any CPU
		{24AFA25B-02C9-4161-A5D4-717836C3707D}.Release|Any CPU.ActiveCfg = Release|Any CPU
		{24AFA25B-02C9-4161-A5D4-717836C3707D}.Release|Any CPU.Build.0 = Release|Any CPU
		{453F5814-C737-4804-A0C6-C6C0E7C74B52}.Debug|Any CPU.ActiveCfg = Debug|Any CPU
		{453F5814-C737-4804-A0C6-C6C0E7C74B52}.Debug|Any CPU.Build.0 = Debug|Any CPU
		{453F5814-C737-4804-A0C6-C6C0E7C74B52}.Release|Any CPU.ActiveCfg = Release|Any CPU
		{453F5814-C737-4804-A0C6-C6C0E7C74B52}.Release|Any CPU.Build.0 = Release|Any CPU
		{B47F919B-17FC-4B56-B032-51DAC2A9096B}.Debug|Any CPU.ActiveCfg = Debug|Any CPU
		{B47F919B-17FC-4B56-B032-51DAC2A9096B}.Debug|Any CPU.Build.0 = Debug|Any CPU
		{B47F919B-17FC-4B56-B032-51DAC2A9096B}.Release|Any CPU.ActiveCfg = Release|Any CPU
		{B47F919B-17FC-4B56-B032-51DAC2A9096B}.Release|Any CPU.Build.0 = Release|Any CPU
		{2B5B0E02-9957-4274-A0AC-18226FF79175}.Debug|Any CPU.ActiveCfg = Debug|Any CPU
		{2B5B0E02-9957-4274-A0AC-18226FF79175}.Debug|Any CPU.Build.0 = Debug|Any CPU
		{2B5B0E02-9957-4274-A0AC-18226FF79175}.Release|Any CPU.ActiveCfg = Release|Any CPU
		{2B5B0E02-9957-4274-A0AC-18226FF79175}.Release|Any CPU.Build.0 = Release|Any CPU
		{476E8CE0-01B1-4922-BB6F-2EE1C5DA842E}.Debug|Any CPU.ActiveCfg = Debug|Any CPU
		{476E8CE0-01B1-4922-BB6F-2EE1C5DA842E}.Debug|Any CPU.Build.0 = Debug|Any CPU
		{476E8CE0-01B1-4922-BB6F-2EE1C5DA842E}.Release|Any CPU.ActiveCfg = Release|Any CPU
		{476E8CE0-01B1-4922-BB6F-2EE1C5DA842E}.Release|Any CPU.Build.0 = Release|Any CPU
		{760167CC-E505-43E1-9B98-4420A1AB00BD}.Debug|Any CPU.ActiveCfg = Debug|Any CPU
		{760167CC-E505-43E1-9B98-4420A1AB00BD}.Debug|Any CPU.Build.0 = Debug|Any CPU
		{760167CC-E505-43E1-9B98-4420A1AB00BD}.Release|Any CPU.ActiveCfg = Release|Any CPU
		{760167CC-E505-43E1-9B98-4420A1AB00BD}.Release|Any CPU.Build.0 = Release|Any CPU
	EndGlobalSection
	GlobalSection(NestedProjects) = preSolution
		{2E6C27BF-2549-4578-9820-72C57ED86984} = {60DD4529-1440-4E2E-A11A-2283FE1DCFEA}
		{24AFA25B-02C9-4161-A5D4-717836C3707D} = {2E6C27BF-2549-4578-9820-72C57ED86984}
		{4F9C37B1-FA29-4571-8F31-5F91586CB978} = {60DD4529-1440-4E2E-A11A-2283FE1DCFEA}
		{D5CC26D6-35BE-455C-9BF2-B47CD1A00457} = {4F9C37B1-FA29-4571-8F31-5F91586CB978}
		{453F5814-C737-4804-A0C6-C6C0E7C74B52} = {D5CC26D6-35BE-455C-9BF2-B47CD1A00457}
		{B47F919B-17FC-4B56-B032-51DAC2A9096B} = {D5CC26D6-35BE-455C-9BF2-B47CD1A00457}
		{20E5B95D-A039-499B-8F74-8EE565E8F787} = {60DD4529-1440-4E2E-A11A-2283FE1DCFEA}
		{2B5B0E02-9957-4274-A0AC-18226FF79175} = {20E5B95D-A039-499B-8F74-8EE565E8F787}
		{476E8CE0-01B1-4922-BB6F-2EE1C5DA842E} = {20E5B95D-A039-499B-8F74-8EE565E8F787}
		{760167CC-E505-43E1-9B98-4420A1AB00BD} = {D5CC26D6-35BE-455C-9BF2-B47CD1A00457}
	EndGlobalSection
EndGlobal
